
Microsoft Visual Studio Solution File, Format Version 12.00
# Visual Studio Version 17
VisualStudioVersion = 17.0.31903.59
MinimumVisualStudioVersion = 10.0.40219.1
Project("{2150E333-8FDC-42A3-9474-1A3956D46DE8}") = "src", "src", "{41FCD77F-60CC-4FEB-8AC3-55A169FFF29A}"
EndProject
Project("{2150E333-8FDC-42A3-9474-1A3956D46DE8}") = "Core", "Core", "{EA1DC978-72ED-4C04-B49F-0306295CBB36}"
EndProject
Project("{FAE04EC0-301F-11D3-BF4B-00C04F79EFBC}") = "Kasi.Domain", "src\Core\Domain\Kasi.Domain.csproj", "{ED0572AE-B90B-4B6B-A5E4-7F851AB57B17}"
EndProject
Project("{FAE04EC0-301F-11D3-BF4B-00C04F79EFBC}") = "Kasi.Application", "src\Core\Application\Kasi.Application.csproj", "{D89A6A5B-11F3-4AD4-9F83-261C088BF4FE}"
EndProject
Project("{FAE04EC0-301F-11D3-BF4B-00C04F79EFBC}") = "Kasi.Infrastructure", "src\Infrastructure\Kasi.Infrastructure.csproj", "{2BEDF905-9D20-453F-BA29-388B328A7279}"
EndProject
Project("{2150E333-8FDC-42A3-9474-1A3956D46DE8}") = "Presentation", "Presentation", "{E9B8058E-DDE9-428D-9F20-4D6561B7A8CF}"
EndProject
Project("{2150E333-8FDC-42A3-9474-1A3956D46DE8}") = "Web", "Web", "{193735F8-06FD-461A-8ACF-B59859D81EFD}"
EndProject
Project("{FAE04EC0-301F-11D3-BF4B-00C04F79EFBC}") = "Kasi.Web.Client", "src\Presentation\Web\Client\Kasi.Web.Client.csproj", "{2D1E0F60-080E-43DD-B0A9-AE9BDC8AF6A8}"
EndProject
Project("{FAE04EC0-301F-11D3-BF4B-00C04F79EFBC}") = "Kasi.Web.Server", "src\Presentation\Web\Server\Kasi.Web.Server.csproj", "{F6C5E886-9CC7-4C1A-8A57-429BBFD4FB8A}"
EndProject
Project("{FAE04EC0-301F-11D3-BF4B-00C04F79EFBC}") = "Kasi.Web.Shared", "src\Presentation\Web\Shared\Kasi.Web.Shared.csproj", "{60FAC8ED-E819-4108-8942-185EED264C65}"
EndProject
Global
	GlobalSection(SolutionConfigurationPlatforms) = preSolution
		Debug|Any CPU = Debug|Any CPU
		Release|Any CPU = Release|Any CPU
	EndGlobalSection
	GlobalSection(SolutionProperties) = preSolution
		HideSolutionNode = FALSE
	EndGlobalSection
	GlobalSection(ProjectConfigurationPlatforms) = postSolution
		{ED0572AE-B90B-4B6B-A5E4-7F851AB57B17}.Debug|Any CPU.ActiveCfg = Debug|Any CPU
		{ED0572AE-B90B-4B6B-A5E4-7F851AB57B17}.Debug|Any CPU.Build.0 = Debug|Any CPU
		{ED0572AE-B90B-4B6B-A5E4-7F851AB57B17}.Release|Any CPU.ActiveCfg = Release|Any CPU
		{ED0572AE-B90B-4B6B-A5E4-7F851AB57B17}.Release|Any CPU.Build.0 = Release|Any CPU
		{D89A6A5B-11F3-4AD4-9F83-261C088BF4FE}.Debug|Any CPU.ActiveCfg = Debug|Any CPU
		{D89A6A5B-11F3-4AD4-9F83-261C088BF4FE}.Debug|Any CPU.Build.0 = Debug|Any CPU
		{D89A6A5B-11F3-4AD4-9F83-261C088BF4FE}.Release|Any CPU.ActiveCfg = Release|Any CPU
		{D89A6A5B-11F3-4AD4-9F83-261C088BF4FE}.Release|Any CPU.Build.0 = Release|Any CPU
		{2BEDF905-9D20-453F-BA29-388B328A7279}.Debug|Any CPU.ActiveCfg = Debug|Any CPU
		{2BEDF905-9D20-453F-BA29-388B328A7279}.Debug|Any CPU.Build.0 = Debug|Any CPU
		{2BEDF905-9D20-453F-BA29-388B328A7279}.Release|Any CPU.ActiveCfg = Release|Any CPU
		{2BEDF905-9D20-453F-BA29-388B328A7279}.Release|Any CPU.Build.0 = Release|Any CPU
		{2D1E0F60-080E-43DD-B0A9-AE9BDC8AF6A8}.Debug|Any CPU.ActiveCfg = Debug|Any CPU
		{2D1E0F60-080E-43DD-B0A9-AE9BDC8AF6A8}.Debug|Any CPU.Build.0 = Debug|Any CPU
		{2D1E0F60-080E-43DD-B0A9-AE9BDC8AF6A8}.Release|Any CPU.ActiveCfg = Release|Any CPU
		{2D1E0F60-080E-43DD-B0A9-AE9BDC8AF6A8}.Release|Any CPU.Build.0 = Release|Any CPU
		{F6C5E886-9CC7-4C1A-8A57-429BBFD4FB8A}.Debug|Any CPU.ActiveCfg = Debug|Any CPU
		{F6C5E886-9CC7-4C1A-8A57-429BBFD4FB8A}.Debug|Any CPU.Build.0 = Debug|Any CPU
		{F6C5E886-9CC7-4C1A-8A57-429BBFD4FB8A}.Release|Any CPU.ActiveCfg = Release|Any CPU
		{F6C5E886-9CC7-4C1A-8A57-429BBFD4FB8A}.Release|Any CPU.Build.0 = Release|Any CPU
		{60FAC8ED-E819-4108-8942-185EED264C65}.Debug|Any CPU.ActiveCfg = Debug|Any CPU
		{60FAC8ED-E819-4108-8942-185EED264C65}.Debug|Any CPU.Build.0 = Debug|Any CPU
		{60FAC8ED-E819-4108-8942-185EED264C65}.Release|Any CPU.ActiveCfg = Release|Any CPU
		{60FAC8ED-E819-4108-8942-185EED264C65}.Release|Any CPU.Build.0 = Release|Any CPU
	EndGlobalSection
	GlobalSection(NestedProjects) = preSolution
		{EA1DC978-72ED-4C04-B49F-0306295CBB36} = {41FCD77F-60CC-4FEB-8AC3-55A169FFF29A}
		{ED0572AE-B90B-4B6B-A5E4-7F851AB57B17} = {EA1DC978-72ED-4C04-B49F-0306295CBB36}
		{D89A6A5B-11F3-4AD4-9F83-261C088BF4FE} = {EA1DC978-72ED-4C04-B49F-0306295CBB36}
		{2BEDF905-9D20-453F-BA29-388B328A7279} = {41FCD77F-60CC-4FEB-8AC3-55A169FFF29A}
		{E9B8058E-DDE9-428D-9F20-4D6561B7A8CF} = {41FCD77F-60CC-4FEB-8AC3-55A169FFF29A}
		{193735F8-06FD-461A-8ACF-B59859D81EFD} = {E9B8058E-DDE9-428D-9F20-4D6561B7A8CF}
		{2D1E0F60-080E-43DD-B0A9-AE9BDC8AF6A8} = {193735F8-06FD-461A-8ACF-B59859D81EFD}
		{F6C5E886-9CC7-4C1A-8A57-429BBFD4FB8A} = {193735F8-06FD-461A-8ACF-B59859D81EFD}
		{60FAC8ED-E819-4108-8942-185EED264C65} = {193735F8-06FD-461A-8ACF-B59859D81EFD}
	EndGlobalSection
EndGlobal
