Microsoft Visual Studio Solution File, Format Version 12.00
# Visual Studio Version 16
VisualStudioVersion = 16.0.0.0
MinimumVisualStudioVersion = 16.0.0.0
Project("{9A19103F-16F7-4668-BE54-9A1E7A4F7556}") = "Kasi.Web.Server", "Server\Kasi.Web.Server.csproj", "{5516C7EC-DB05-4545-93EA-F6E7B9CF69B8}"
EndProject
Project("{9A19103F-16F7-4668-BE54-9A1E7A4F7556}") = "Kasi.Web.Client", "Client\Kasi.Web.Client.csproj", "{FFFB447F-4E4E-44C8-BA60-6AC919B29BF0}"
EndProject
Project("{9A19103F-16F7-4668-BE54-9A1E7A4F7556}") = "Kasi.Web.Shared", "Shared\Kasi.Web.Shared.csproj", "{BEF60C3E-E0B9-45BD-869A-9183D6FE1ADA}"
EndProject
Global
	GlobalSection(SolutionConfigurationPlatforms) = preSolution
		Debug|Any CPU = Debug|Any CPU
		Debug|x64 = Debug|x64
		Debug|x86 = Debug|x86
		Release|Any CPU = Release|Any CPU
		Release|x64 = Release|x64
		Release|x86 = Release|x86
	EndGlobalSection
	GlobalSection(ProjectConfigurationPlatforms) = postSolution
		{FFFB447F-4E4E-44C8-BA60-6AC919B29BF0}.Debug|Any CPU.ActiveCfg = Debug|Any CPU
		{FFFB447F-4E4E-44C8-BA60-6AC919B29BF0}.Debug|Any CPU.Build.0 = Debug|Any CPU
		{FFFB447F-4E4E-44C8-BA60-6AC919B29BF0}.Debug|x64.ActiveCfg = Debug|Any CPU
		{FFFB447F-4E4E-44C8-BA60-6AC919B29BF0}.Debug|x64.Build.0 = Debug|Any CPU
		{FFFB447F-4E4E-44C8-BA60-6AC919B29BF0}.Debug|x86.ActiveCfg = Debug|Any CPU
		{FFFB447F-4E4E-44C8-BA60-6AC919B29BF0}.Debug|x86.Build.0 = Debug|Any CPU
		{FFFB447F-4E4E-44C8-BA60-6AC919B29BF0}.Release|Any CPU.ActiveCfg = Release|Any CPU
		{FFFB447F-4E4E-44C8-BA60-6AC919B29BF0}.Release|Any CPU.Build.0 = Release|Any CPU
		{FFFB447F-4E4E-44C8-BA60-6AC919B29BF0}.Release|x64.ActiveCfg = Release|Any CPU
		{FFFB447F-4E4E-44C8-BA60-6AC919B29BF0}.Release|x64.Build.0 = Release|Any CPU
		{FFFB447F-4E4E-44C8-BA60-6AC919B29BF0}.Release|x86.ActiveCfg = Release|Any CPU
		{FFFB447F-4E4E-44C8-BA60-6AC919B29BF0}.Release|x86.Build.0 = Release|Any CPU
		{5516C7EC-DB05-4545-93EA-F6E7B9CF69B8}.Debug|Any CPU.ActiveCfg = Debug|Any CPU
		{5516C7EC-DB05-4545-93EA-F6E7B9CF69B8}.Debug|Any CPU.Build.0 = Debug|Any CPU
		{5516C7EC-DB05-4545-93EA-F6E7B9CF69B8}.Debug|x64.ActiveCfg = Debug|Any CPU
		{5516C7EC-DB05-4545-93EA-F6E7B9CF69B8}.Debug|x64.Build.0 = Debug|Any CPU
		{5516C7EC-DB05-4545-93EA-F6E7B9CF69B8}.Debug|x86.ActiveCfg = Debug|Any CPU
		{5516C7EC-DB05-4545-93EA-F6E7B9CF69B8}.Debug|x86.Build.0 = Debug|Any CPU
		{5516C7EC-DB05-4545-93EA-F6E7B9CF69B8}.Release|Any CPU.ActiveCfg = Release|Any CPU
		{5516C7EC-DB05-4545-93EA-F6E7B9CF69B8}.Release|Any CPU.Build.0 = Release|Any CPU
		{5516C7EC-DB05-4545-93EA-F6E7B9CF69B8}.Release|x64.ActiveCfg = Release|Any CPU
		{5516C7EC-DB05-4545-93EA-F6E7B9CF69B8}.Release|x64.Build.0 = Release|Any CPU
		{5516C7EC-DB05-4545-93EA-F6E7B9CF69B8}.Release|x86.ActiveCfg = Release|Any CPU
		{5516C7EC-DB05-4545-93EA-F6E7B9CF69B8}.Release|x86.Build.0 = Release|Any CPU
		{BEF60C3E-E0B9-45BD-869A-9183D6FE1ADA}.Debug|Any CPU.ActiveCfg = Debug|Any CPU
		{BEF60C3E-E0B9-45BD-869A-9183D6FE1ADA}.Debug|Any CPU.Build.0 = Debug|Any CPU
		{BEF60C3E-E0B9-45BD-869A-9183D6FE1ADA}.Debug|x64.ActiveCfg = Debug|Any CPU
		{BEF60C3E-E0B9-45BD-869A-9183D6FE1ADA}.Debug|x64.Build.0 = Debug|Any CPU
		{BEF60C3E-E0B9-45BD-869A-9183D6FE1ADA}.Debug|x86.ActiveCfg = Debug|Any CPU
		{BEF60C3E-E0B9-45BD-869A-9183D6FE1ADA}.Debug|x86.Build.0 = Debug|Any CPU
		{BEF60C3E-E0B9-45BD-869A-9183D6FE1ADA}.Release|Any CPU.ActiveCfg = Release|Any CPU
		{BEF60C3E-E0B9-45BD-869A-9183D6FE1ADA}.Release|Any CPU.Build.0 = Release|Any CPU
		{BEF60C3E-E0B9-45BD-869A-9183D6FE1ADA}.Release|x64.ActiveCfg = Release|Any CPU
		{BEF60C3E-E0B9-45BD-869A-9183D6FE1ADA}.Release|x64.Build.0 = Release|Any CPU
		{BEF60C3E-E0B9-45BD-869A-9183D6FE1ADA}.Release|x86.ActiveCfg = Release|Any CPU
		{BEF60C3E-E0B9-45BD-869A-9183D6FE1ADA}.Release|x86.Build.0 = Release|Any CPU
	EndGlobalSection
	GlobalSection(SolutionProperties) = preSolution
		HideSolutionNode = FALSE
	EndGlobalSection
	GlobalSection(ExtensibilityGlobals) = postSolution
		SolutionGuid = {15C3C8EA-47ED-46F3-8FDF-53351B8DF906}
	EndGlobalSection
EndGlobal